<Solution>
  <Project Path="CustomerService.API/CustomerService.API.csproj" />
  <Project Path="E-Commerce/E-Commerce.csproj" Id="c668c9fc-a3c2-455f-9727-c11f6e4f0f2b" />
  <Project Path="InventoryService.API/InventoryService.API.csproj" />
  <Project Path="OrderService.API/OrderService.API.csproj" />
  <Project Path="PaymentService.API/PaymentService.API.csproj" />
</Solution>
